# This file is automatically @generated by Cargo.
# It is not intended for manual editing.
version = 4

[[package]]
name = "tong"
version = "0.1.1"
dependencies = [
 "tong-core",
 "tong-graph",
 "tong-manifest",
 "tong-rust",
]

[[package]]
name = "tong-core"
version = "0.1.1"

[[package]]
name = "tong-graph"
version = "0.1.1"
dependencies = [
 "tong-core",
 "tong-manifest",
]

[[package]]
name = "tong-manifest"
version = "0.1.1"
dependencies = [
 "tong-core",
]

[[package]]
name = "tong-rust"
version = "0.1.1"
dependencies = [
 "tong-core",
 "tong-graph",
 "tong-manifest",
]
