# This file is automatically @generated by Cargo.
# It is not intended for manual editing.
version = 4

[[package]]
name = "advanced-app"
version = "0.1.0"
dependencies = [
 "advanced-core",
 "shout",
]

[[package]]
name = "advanced-core"
version = "0.1.0"

[[package]]
name = "shout"
version = "0.1.0"
